
Microsoft Visual Studio Solution File, Format Version 12.00
# Visual Studio Version 17
VisualStudioVersion = 17.2.32616.157
MinimumVisualStudioVersion = 10.0.40219.1
Project("{FAE04EC0-301F-11D3-BF4B-00C04F79EFBC}") = "StarApiTool", "StarApiTool\StarApiTool.csproj", "{2EEFBF90-CAAA-471E-984A-2125E4B5D452}"
EndProject
Global
	GlobalSection(SolutionConfigurationPlatforms) = preSolution
		Debug|Any CPU = Debug|Any CPU
		Release|Any CPU = Release|Any CPU
	EndGlobalSection
	GlobalSection(ProjectConfigurationPlatforms) = postSolution
		{2EEFBF90-CAAA-471E-984A-2125E4B5D452}.Debug|Any CPU.ActiveCfg = Debug|Any CPU
		{2EEFBF90-CAAA-471E-984A-2125E4B5D452}.Debug|Any CPU.Build.0 = Debug|Any CPU
		{2EEFBF90-CAAA-471E-984A-2125E4B5D452}.Release|Any CPU.ActiveCfg = Release|Any CPU
		{2EEFBF90-CAAA-471E-984A-2125E4B5D452}.Release|Any CPU.Build.0 = Release|Any CPU
	EndGlobalSection
	GlobalSection(SolutionProperties) = preSolution
		HideSolutionNode = FALSE
	EndGlobalSection
	GlobalSection(ExtensibilityGlobals) = postSolution
		SolutionGuid = {56A6391C-51EF-4551-9688-BCC5889088DE}
	EndGlobalSection
EndGlobal
